
Microsoft Visual Studio Solution File, Format Version 12.00
Project("{FAE04EC0-301F-11D3-BF4B-00C04F79EFBC}") = "Chess", "Chess\Chess.csproj", "{38B91C8A-DA08-4751-A267-30CE8EF17E9F}"
EndProject
Project("{FAE04EC0-301F-11D3-BF4B-00C04F79EFBC}") = "Chess.UnitTests", "Chess.UnitTests\Chess.UnitTests.csproj", "{93493826-54FB-440B-B9C7-463863A51F65}"
EndProject
Global
	GlobalSection(SolutionConfigurationPlatforms) = preSolution
		Debug|Any CPU = Debug|Any CPU
		Release|Any CPU = Release|Any CPU
	EndGlobalSection
	GlobalSection(ProjectConfigurationPlatforms) = postSolution
		{38B91C8A-DA08-4751-A267-30CE8EF17E9F}.Debug|Any CPU.ActiveCfg = Debug|Any CPU
		{38B91C8A-DA08-4751-A267-30CE8EF17E9F}.Debug|Any CPU.Build.0 = Debug|Any CPU
		{38B91C8A-DA08-4751-A267-30CE8EF17E9F}.Release|Any CPU.ActiveCfg = Release|Any CPU
		{38B91C8A-DA08-4751-A267-30CE8EF17E9F}.Release|Any CPU.Build.0 = Release|Any CPU
		{93493826-54FB-440B-B9C7-463863A51F65}.Debug|Any CPU.ActiveCfg = Debug|Any CPU
		{93493826-54FB-440B-B9C7-463863A51F65}.Debug|Any CPU.Build.0 = Debug|Any CPU
		{93493826-54FB-440B-B9C7-463863A51F65}.Release|Any CPU.ActiveCfg = Release|Any CPU
		{93493826-54FB-440B-B9C7-463863A51F65}.Release|Any CPU.Build.0 = Release|Any CPU
	EndGlobalSection
EndGlobal
