
Microsoft Visual Studio Solution File, Format Version 12.00
Project("{FAE04EC0-301F-11D3-BF4B-00C04F79EFBC}") = "Chess", "Chess\Chess.csproj", "{38B91C8A-DA08-4751-A267-30CE8EF17E9F}"
EndProject
Project("{FAE04EC0-301F-11D3-BF4B-00C04F79EFBC}") = "Chess.UnitTests", "Chess.UnitTests\Chess.UnitTests.csproj", "{93493826-54FB-440B-B9C7-463863A51F65}"
EndProject
Project("{FAE04EC0-301F-11D3-BF4B-00C04F79EFBC}") = "PlayerComputerAI", "PlayerComputerAI\PlayerComputerAI.csproj", "{BCA64043-704F-4B39-B177-24CA87D2FF51}"
EndProject
Project("{FAE04EC0-301F-11D3-BF4B-00C04F79EFBC}") = "Chess.ConsoleApp", "Chess.ConsoleApp\Chess.ConsoleApp.csproj", "{26953E11-ACF9-4388-9EB9-1DE8FB24B60A}"
EndProject
Global
	GlobalSection(SolutionConfigurationPlatforms) = preSolution
		Debug|Any CPU = Debug|Any CPU
		Release|Any CPU = Release|Any CPU
	EndGlobalSection
	GlobalSection(ProjectConfigurationPlatforms) = postSolution
		{38B91C8A-DA08-4751-A267-30CE8EF17E9F}.Debug|Any CPU.ActiveCfg = Debug|Any CPU
		{38B91C8A-DA08-4751-A267-30CE8EF17E9F}.Debug|Any CPU.Build.0 = Debug|Any CPU
		{38B91C8A-DA08-4751-A267-30CE8EF17E9F}.Release|Any CPU.ActiveCfg = Release|Any CPU
		{38B91C8A-DA08-4751-A267-30CE8EF17E9F}.Release|Any CPU.Build.0 = Release|Any CPU
		{93493826-54FB-440B-B9C7-463863A51F65}.Debug|Any CPU.ActiveCfg = Debug|Any CPU
		{93493826-54FB-440B-B9C7-463863A51F65}.Debug|Any CPU.Build.0 = Debug|Any CPU
		{93493826-54FB-440B-B9C7-463863A51F65}.Release|Any CPU.ActiveCfg = Release|Any CPU
		{93493826-54FB-440B-B9C7-463863A51F65}.Release|Any CPU.Build.0 = Release|Any CPU
		{BCA64043-704F-4B39-B177-24CA87D2FF51}.Debug|Any CPU.ActiveCfg = Debug|Any CPU
		{BCA64043-704F-4B39-B177-24CA87D2FF51}.Debug|Any CPU.Build.0 = Debug|Any CPU
		{BCA64043-704F-4B39-B177-24CA87D2FF51}.Release|Any CPU.ActiveCfg = Release|Any CPU
		{BCA64043-704F-4B39-B177-24CA87D2FF51}.Release|Any CPU.Build.0 = Release|Any CPU
		{26953E11-ACF9-4388-9EB9-1DE8FB24B60A}.Debug|Any CPU.ActiveCfg = Debug|Any CPU
		{26953E11-ACF9-4388-9EB9-1DE8FB24B60A}.Debug|Any CPU.Build.0 = Debug|Any CPU
		{26953E11-ACF9-4388-9EB9-1DE8FB24B60A}.Release|Any CPU.ActiveCfg = Release|Any CPU
		{26953E11-ACF9-4388-9EB9-1DE8FB24B60A}.Release|Any CPU.Build.0 = Release|Any CPU
		{26953E11-ACF9-4388-9EB9-1DE8FB24B60A}.Release|Any CPU.Deploy.0 = Release|Any CPU
	EndGlobalSection
EndGlobal
